{
  "version": "5",
  "specifiers": {
    "jsr:@denosaurs/plug@1.0.6": "1.0.6",
    "jsr:@sigma/pty-ffi@~0.39.1": "0.39.1",
    "jsr:@std/assert@0.221": "0.221.0",
    "jsr:@std/assert@^1.0.14": "1.0.15",
    "jsr:@std/assert@^1.0.15": "1.0.15",
    "jsr:@std/bytes@^1.0.6": "1.0.6",
    "jsr:@std/encoding@0.221": "0.221.0",
    "jsr:@std/fmt@0.221": "0.221.0",
    "jsr:@std/fs@0.221": "0.221.0",
    "jsr:@std/internal@^1.0.12": "1.0.12",
    "jsr:@std/path@0.221": "0.221.0",
    "jsr:@std/streams@*": "1.0.13",
    "jsr:@std/streams@^1.0.13": "1.0.13"
  },
  "jsr": {
    "@denosaurs/plug@1.0.6": {
      "integrity": "6cf5b9daba7799837b9ffbe89f3450510f588fafef8115ddab1ff0be9cb7c1a7",
      "dependencies": [
        "jsr:@std/encoding",
        "jsr:@std/fmt",
        "jsr:@std/fs",
        "jsr:@std/path"
      ]
    },
    "@sigma/pty-ffi@0.39.1": {
      "integrity": "d09faf34076a25ef907d8214c7db3650bf9f0991ecf7851a39384629f1f2758b",
      "dependencies": [
        "jsr:@denosaurs/plug",
        "jsr:@std/assert@^1.0.14"
      ]
    },
    "@std/assert@0.221.0": {
      "integrity": "a5f1aa6e7909dbea271754fd4ab3f4e687aeff4873b4cef9a320af813adb489a"
    },
    "@std/assert@1.0.15": {
      "integrity": "d64018e951dbdfab9777335ecdb000c0b4e3df036984083be219ce5941e4703b",
      "dependencies": [
        "jsr:@std/internal"
      ]
    },
    "@std/bytes@1.0.6": {
      "integrity": "f6ac6adbd8ccd99314045f5703e23af0a68d7f7e58364b47d2c7f408aeb5820a"
    },
    "@std/encoding@0.221.0": {
      "integrity": "d1dd76ef0dc5d14088411e6dc1dede53bf8308c95d1537df1214c97137208e45"
    },
    "@std/fmt@0.221.0": {
      "integrity": "379fed69bdd9731110f26b9085aeb740606b20428ce6af31ef6bd45ef8efa62a"
    },
    "@std/fs@0.221.0": {
      "integrity": "028044450299de8ed5a716ade4e6d524399f035513b85913794f4e81f07da286",
      "dependencies": [
        "jsr:@std/assert@0.221",
        "jsr:@std/path"
      ]
    },
    "@std/internal@1.0.12": {
      "integrity": "972a634fd5bc34b242024402972cd5143eac68d8dffaca5eaa4dba30ce17b027"
    },
    "@std/path@0.221.0": {
      "integrity": "0a36f6b17314ef653a3a1649740cc8db51b25a133ecfe838f20b79a56ebe0095",
      "dependencies": [
        "jsr:@std/assert@0.221"
      ]
    },
    "@std/streams@1.0.13": {
      "integrity": "772d208cd0d3e5dac7c1d9e6cdb25842846d136eea4a41a62e44ed4ab0c8dd9e",
      "dependencies": [
        "jsr:@std/bytes"
      ]
    }
  },
  "workspace": {
    "dependencies": [
      "jsr:@sigma/pty-ffi@~0.39.1",
      "jsr:@std/assert@^1.0.15",
      "jsr:@std/streams@^1.0.13"
    ]
  }
}
